
Microsoft Visual Studio Solution File, Format Version 12.00
# Visual Studio Version 17
VisualStudioVersion = 17.8.34316.72
MinimumVisualStudioVersion = 10.0.40219.1
Project("{9A19103F-16F7-4668-BE54-9A1E7A4F7556}") = "Models", "Models\Models.csproj", "{319D426E-0C54-424A-8703-C39785711288}"
EndProject
Project("{9A19103F-16F7-4668-BE54-9A1E7A4F7556}") = "Context", "Context\Context.csproj", "{42566748-4A8F-4CD7-B4A4-AEB19BCBFF3F}"
EndProject
Project("{9A19103F-16F7-4668-BE54-9A1E7A4F7556}") = "Presentation", "Program\Presentation.csproj", "{6BA73F2D-D587-4708-A91F-203BEE11C8CC}"
EndProject
Project("{FAE04EC0-301F-11D3-BF4B-00C04F79EFBC}") = "DTOs", "DTOs\DTOs.csproj", "{25693860-69C2-40E7-9A6B-4CDF7667B31B}"
EndProject
Project("{FAE04EC0-301F-11D3-BF4B-00C04F79EFBC}") = "Repository", "Repository\Repository.csproj", "{A13F0979-7D87-4DDF-A863-17A6A7159164}"
EndProject
Global
	GlobalSection(SolutionConfigurationPlatforms) = preSolution
		Debug|Any CPU = Debug|Any CPU
		Release|Any CPU = Release|Any CPU
	EndGlobalSection
	GlobalSection(ProjectConfigurationPlatforms) = postSolution
		{319D426E-0C54-424A-8703-C39785711288}.Debug|Any CPU.ActiveCfg = Debug|Any CPU
		{319D426E-0C54-424A-8703-C39785711288}.Debug|Any CPU.Build.0 = Debug|Any CPU
		{319D426E-0C54-424A-8703-C39785711288}.Release|Any CPU.ActiveCfg = Release|Any CPU
		{319D426E-0C54-424A-8703-C39785711288}.Release|Any CPU.Build.0 = Release|Any CPU
		{42566748-4A8F-4CD7-B4A4-AEB19BCBFF3F}.Debug|Any CPU.ActiveCfg = Debug|Any CPU
		{42566748-4A8F-4CD7-B4A4-AEB19BCBFF3F}.Debug|Any CPU.Build.0 = Debug|Any CPU
		{42566748-4A8F-4CD7-B4A4-AEB19BCBFF3F}.Release|Any CPU.ActiveCfg = Release|Any CPU
		{42566748-4A8F-4CD7-B4A4-AEB19BCBFF3F}.Release|Any CPU.Build.0 = Release|Any CPU
		{6BA73F2D-D587-4708-A91F-203BEE11C8CC}.Debug|Any CPU.ActiveCfg = Debug|Any CPU
		{6BA73F2D-D587-4708-A91F-203BEE11C8CC}.Debug|Any CPU.Build.0 = Debug|Any CPU
		{6BA73F2D-D587-4708-A91F-203BEE11C8CC}.Release|Any CPU.ActiveCfg = Release|Any CPU
		{6BA73F2D-D587-4708-A91F-203BEE11C8CC}.Release|Any CPU.Build.0 = Release|Any CPU
		{25693860-69C2-40E7-9A6B-4CDF7667B31B}.Debug|Any CPU.ActiveCfg = Debug|Any CPU
		{25693860-69C2-40E7-9A6B-4CDF7667B31B}.Debug|Any CPU.Build.0 = Debug|Any CPU
		{25693860-69C2-40E7-9A6B-4CDF7667B31B}.Release|Any CPU.ActiveCfg = Release|Any CPU
		{25693860-69C2-40E7-9A6B-4CDF7667B31B}.Release|Any CPU.Build.0 = Release|Any CPU
		{A13F0979-7D87-4DDF-A863-17A6A7159164}.Debug|Any CPU.ActiveCfg = Debug|Any CPU
		{A13F0979-7D87-4DDF-A863-17A6A7159164}.Debug|Any CPU.Build.0 = Debug|Any CPU
		{A13F0979-7D87-4DDF-A863-17A6A7159164}.Release|Any CPU.ActiveCfg = Release|Any CPU
		{A13F0979-7D87-4DDF-A863-17A6A7159164}.Release|Any CPU.Build.0 = Release|Any CPU
	EndGlobalSection
	GlobalSection(SolutionProperties) = preSolution
		HideSolutionNode = FALSE
	EndGlobalSection
	GlobalSection(ExtensibilityGlobals) = postSolution
		SolutionGuid = {57480F93-6DDD-4B3B-8934-4FBB874AE9D2}
	EndGlobalSection
EndGlobal
